
Microsoft Visual Studio Solution File, Format Version 12.00
# Visual Studio Version 17
VisualStudioVersion = 17.11.34909.67
MinimumVisualStudioVersion = 10.0.40219.1
Project("{FAE04EC0-301F-11D3-BF4B-00C04F79EFBC}") = "wk6_WPFListExample", "wk6_WPFListExample\wk6_WPFListExample.csproj", "{B937E2BB-1FC7-4E25-A535-C10C429552A1}"
EndProject
Global
	GlobalSection(SolutionConfigurationPlatforms) = preSolution
		Debug|Any CPU = Debug|Any CPU
		Release|Any CPU = Release|Any CPU
	EndGlobalSection
	GlobalSection(ProjectConfigurationPlatforms) = postSolution
		{B937E2BB-1FC7-4E25-A535-C10C429552A1}.Debug|Any CPU.ActiveCfg = Debug|Any CPU
		{B937E2BB-1FC7-4E25-A535-C10C429552A1}.Debug|Any CPU.Build.0 = Debug|Any CPU
		{B937E2BB-1FC7-4E25-A535-C10C429552A1}.Release|Any CPU.ActiveCfg = Release|Any CPU
		{B937E2BB-1FC7-4E25-A535-C10C429552A1}.Release|Any CPU.Build.0 = Release|Any CPU
	EndGlobalSection
	GlobalSection(SolutionProperties) = preSolution
		HideSolutionNode = FALSE
	EndGlobalSection
	GlobalSection(ExtensibilityGlobals) = postSolution
		SolutionGuid = {21868D6B-7758-4C73-A272-5F643FC86E3A}
	EndGlobalSection
EndGlobal
